{
  "object": {
    "pins": [
      {
        "package": "CryptoSwift",
        "repositoryURL": "https://github.com/krzyzanowskim/CryptoSwift",
        "state": {
          "branch": null,
          "revision": "678d442c6f7828def400a70ae15968aef67ef52d",
          "version": "1.8.3"
        }
      }
    ]
  },
  "version": 1
}
